Microsoft Visual Studio Solution File, Format Version 12.00
# Visual Studio Version 17
VisualStudioVersion = 17.5.2.0
MinimumVisualStudioVersion = 10.0.40219.1
Project("{FAE04EC0-301F-11D3-BF4B-00C04F79EFBC}") = "Example.API", "Example.API\Example.API.csproj", "{32B37E8F-FF9F-6A29-B8BA-C33974B177E7}"
EndProject
Project("{FAE04EC0-301F-11D3-BF4B-00C04F79EFBC}") = "Example.Auth.DB", "Example.Auth.DB\Example.Auth.DB.csproj", "{AE03BB57-4A28-CB1C-53B1-0B6310349191}"
EndProject
Project("{FAE04EC0-301F-11D3-BF4B-00C04F79EFBC}") = "Example.Shared.DB", "Example.Shared.DB\Example.Shared.DB.csproj", "{EE2977D5-80D0-F3EA-1DA2-0D958EB0EEAB}"
EndProject
Project("{FAE04EC0-301F-11D3-BF4B-00C04F79EFBC}") = "Example.User.DB", "Example.User.DB\Example.User.DB.csproj", "{D169D965-5813-3A42-EE95-F4DAB5CF7704}"
EndProject
Project("{FAE04EC0-301F-11D3-BF4B-00C04F79EFBC}") = "Socigy.OpenSource.DB.Core", "Socigy.OpenSource.DB.Core\Socigy.OpenSource.DB.Core.csproj", "{5EA017ED-78E2-2D80-202A-39AC6C72766A}"
EndProject
Project("{FAE04EC0-301F-11D3-BF4B-00C04F79EFBC}") = "Socigy.OpenSource.DB.SourceGenerator", "Socigy.OpenSource.DB.SourceGenerator\Socigy.OpenSource.DB.SourceGenerator.csproj", "{B178FE07-73D6-0525-A2DF-D0020F251F07}"
EndProject
Project("{FAE04EC0-301F-11D3-BF4B-00C04F79EFBC}") = "Socigy.OpenSource.DB.Tool", "Socigy.OpenSource.DB.Tool\Socigy.OpenSource.DB.Tool.csproj", "{ABCDE6C7-1E6D-518B-3696-64D33CA7CCB7}"
EndProject
Project("{FAE04EC0-301F-11D3-BF4B-00C04F79EFBC}") = "Socigy.OpenSource.DB", "Socigy.OpenSource.DB\Socigy.OpenSource.DB.csproj", "{A7F6F39B-39D2-A4E8-9C67-D37B10B1BCE8}"
EndProject
Project("{FAE04EC0-301F-11D3-BF4B-00C04F79EFBC}") = "UnitTest.DB.Tests", "UnitTest.DB.Tests\UnitTest.DB.Tests.csproj", "{6B169F6A-662B-9D97-D5F8-801D38FFD82F}"
EndProject
Project("{FAE04EC0-301F-11D3-BF4B-00C04F79EFBC}") = "UnitTest.DB", "UnitTest.DB\UnitTest.DB.csproj", "{DD7DE98D-EF0F-48A7-4F9D-0B71E88C6165}"
EndProject
Global
	GlobalSection(SolutionConfigurationPlatforms) = preSolution
		Debug|Any CPU = Debug|Any CPU
		Release|Any CPU = Release|Any CPU
	EndGlobalSection
	GlobalSection(ProjectConfigurationPlatforms) = postSolution
		{32B37E8F-FF9F-6A29-B8BA-C33974B177E7}.Debug|Any CPU.ActiveCfg = Debug|Any CPU
		{32B37E8F-FF9F-6A29-B8BA-C33974B177E7}.Debug|Any CPU.Build.0 = Debug|Any CPU
		{32B37E8F-FF9F-6A29-B8BA-C33974B177E7}.Release|Any CPU.ActiveCfg = Release|Any CPU
		{32B37E8F-FF9F-6A29-B8BA-C33974B177E7}.Release|Any CPU.Build.0 = Release|Any CPU
		{AE03BB57-4A28-CB1C-53B1-0B6310349191}.Debug|Any CPU.ActiveCfg = Debug|Any CPU
		{AE03BB57-4A28-CB1C-53B1-0B6310349191}.Debug|Any CPU.Build.0 = Debug|Any CPU
		{AE03BB57-4A28-CB1C-53B1-0B6310349191}.Release|Any CPU.ActiveCfg = Release|Any CPU
		{AE03BB57-4A28-CB1C-53B1-0B6310349191}.Release|Any CPU.Build.0 = Release|Any CPU
		{EE2977D5-80D0-F3EA-1DA2-0D958EB0EEAB}.Debug|Any CPU.ActiveCfg = Debug|Any CPU
		{EE2977D5-80D0-F3EA-1DA2-0D958EB0EEAB}.Debug|Any CPU.Build.0 = Debug|Any CPU
		{EE2977D5-80D0-F3EA-1DA2-0D958EB0EEAB}.Release|Any CPU.ActiveCfg = Release|Any CPU
		{EE2977D5-80D0-F3EA-1DA2-0D958EB0EEAB}.Release|Any CPU.Build.0 = Release|Any CPU
		{D169D965-5813-3A42-EE95-F4DAB5CF7704}.Debug|Any CPU.ActiveCfg = Debug|Any CPU
		{D169D965-5813-3A42-EE95-F4DAB5CF7704}.Debug|Any CPU.Build.0 = Debug|Any CPU
		{D169D965-5813-3A42-EE95-F4DAB5CF7704}.Release|Any CPU.ActiveCfg = Release|Any CPU
		{D169D965-5813-3A42-EE95-F4DAB5CF7704}.Release|Any CPU.Build.0 = Release|Any CPU
		{5EA017ED-78E2-2D80-202A-39AC6C72766A}.Debug|Any CPU.ActiveCfg = Debug|Any CPU
		{5EA017ED-78E2-2D80-202A-39AC6C72766A}.Debug|Any CPU.Build.0 = Debug|Any CPU
		{5EA017ED-78E2-2D80-202A-39AC6C72766A}.Release|Any CPU.ActiveCfg = Release|Any CPU
		{5EA017ED-78E2-2D80-202A-39AC6C72766A}.Release|Any CPU.Build.0 = Release|Any CPU
		{B178FE07-73D6-0525-A2DF-D0020F251F07}.Debug|Any CPU.ActiveCfg = Debug|Any CPU
		{B178FE07-73D6-0525-A2DF-D0020F251F07}.Debug|Any CPU.Build.0 = Debug|Any CPU
		{B178FE07-73D6-0525-A2DF-D0020F251F07}.Release|Any CPU.ActiveCfg = Release|Any CPU
		{B178FE07-73D6-0525-A2DF-D0020F251F07}.Release|Any CPU.Build.0 = Release|Any CPU
		{ABCDE6C7-1E6D-518B-3696-64D33CA7CCB7}.Debug|Any CPU.ActiveCfg = Debug|Any CPU
		{ABCDE6C7-1E6D-518B-3696-64D33CA7CCB7}.Debug|Any CPU.Build.0 = Debug|Any CPU
		{ABCDE6C7-1E6D-518B-3696-64D33CA7CCB7}.Release|Any CPU.ActiveCfg = Release|Any CPU
		{ABCDE6C7-1E6D-518B-3696-64D33CA7CCB7}.Release|Any CPU.Build.0 = Release|Any CPU
		{A7F6F39B-39D2-A4E8-9C67-D37B10B1BCE8}.Debug|Any CPU.ActiveCfg = Debug|Any CPU
		{A7F6F39B-39D2-A4E8-9C67-D37B10B1BCE8}.Debug|Any CPU.Build.0 = Debug|Any CPU
		{A7F6F39B-39D2-A4E8-9C67-D37B10B1BCE8}.Release|Any CPU.ActiveCfg = Release|Any CPU
		{A7F6F39B-39D2-A4E8-9C67-D37B10B1BCE8}.Release|Any CPU.Build.0 = Release|Any CPU
		{6B169F6A-662B-9D97-D5F8-801D38FFD82F}.Debug|Any CPU.ActiveCfg = Debug|Any CPU
		{6B169F6A-662B-9D97-D5F8-801D38FFD82F}.Debug|Any CPU.Build.0 = Debug|Any CPU
		{6B169F6A-662B-9D97-D5F8-801D38FFD82F}.Release|Any CPU.ActiveCfg = Release|Any CPU
		{6B169F6A-662B-9D97-D5F8-801D38FFD82F}.Release|Any CPU.Build.0 = Release|Any CPU
		{DD7DE98D-EF0F-48A7-4F9D-0B71E88C6165}.Debug|Any CPU.ActiveCfg = Debug|Any CPU
		{DD7DE98D-EF0F-48A7-4F9D-0B71E88C6165}.Debug|Any CPU.Build.0 = Debug|Any CPU
		{DD7DE98D-EF0F-48A7-4F9D-0B71E88C6165}.Release|Any CPU.ActiveCfg = Release|Any CPU
		{DD7DE98D-EF0F-48A7-4F9D-0B71E88C6165}.Release|Any CPU.Build.0 = Release|Any CPU
	EndGlobalSection
	GlobalSection(SolutionProperties) = preSolution
		HideSolutionNode = FALSE
	EndGlobalSection
	GlobalSection(ExtensibilityGlobals) = postSolution
		SolutionGuid = {6AEE2990-F73C-43AF-9FC5-69549EC141AD}
	EndGlobalSection
EndGlobal
